{
  "name": "rate-limit-concurrent",
  "version": "0.0.10",
  "lockfileVersion": 2,
  "requires": true,
  "packages": {
    "": {
      "name": "rate-limit-concurrent",
      "version": "0.0.10",
      "license": "MIT",
      "dependencies": {
        "typescript": "next"
      }
    },
    "node_modules/typescript": {
      "version": "4.9.0-dev.20221028",
      "resolved": "https://registry.npmjs.org/typescript/-/typescript-4.9.0-dev.20221028.tgz",
      "integrity": "sha512-JIdw2x8nITGBxIOtEs49PcKt/M1ghKPRsiWXfiEzD+GfwE/2pLCt6Z+jrww8OXGNZU+yh0oGWUvUz/qr0O0eUg==",
      "bin": {
        "tsc": "bin/tsc",
        "tsserver": "bin/tsserver"
      },
      "engines": {
        "node": ">=4.2.0"
      }
    }
  },
  "dependencies": {
    "typescript": {
      "version": "4.9.0-dev.20221028",
      "resolved": "https://registry.npmjs.org/typescript/-/typescript-4.9.0-dev.20221028.tgz",
      "integrity": "sha512-JIdw2x8nITGBxIOtEs49PcKt/M1ghKPRsiWXfiEzD+GfwE/2pLCt6Z+jrww8OXGNZU+yh0oGWUvUz/qr0O0eUg=="
    }
  }
}
